
Microsoft Visual Studio Solution File, Format Version 12.00
# Visual Studio Version 17
VisualStudioVersion = 17.3.32901.215
MinimumVisualStudioVersion = 10.0.40219.1
Project("{FAE04EC0-301F-11D3-BF4B-00C04F79EFBC}") = "Theatre", "Theatre.csproj", "{2BC2A49A-0D1C-429F-87BA-2848DB9BE954}"
EndProject
Global
	GlobalSection(SolutionConfigurationPlatforms) = preSolution
		Debug|Any CPU = Debug|Any CPU
		Release|Any CPU = Release|Any CPU
	EndGlobalSection
	GlobalSection(ProjectConfigurationPlatforms) = postSolution
		{2BC2A49A-0D1C-429F-87BA-2848DB9BE954}.Debug|Any CPU.ActiveCfg = Debug|Any CPU
		{2BC2A49A-0D1C-429F-87BA-2848DB9BE954}.Debug|Any CPU.Build.0 = Debug|Any CPU
		{2BC2A49A-0D1C-429F-87BA-2848DB9BE954}.Release|Any CPU.ActiveCfg = Release|Any CPU
		{2BC2A49A-0D1C-429F-87BA-2848DB9BE954}.Release|Any CPU.Build.0 = Release|Any CPU
	EndGlobalSection
	GlobalSection(SolutionProperties) = preSolution
		HideSolutionNode = FALSE
	EndGlobalSection
	GlobalSection(ExtensibilityGlobals) = postSolution
		SolutionGuid = {CC894F28-DD34-42F2-9BF8-69286623355D}
	EndGlobalSection
EndGlobal
